// !$*UTF8*$!
{
	archiveVersion = 1;
	classes = {
	};
	objectVersion = 51;
	objects = {

/* Begin PBXBuildFile section */
		BDC82C5F70ACD110F1766978 /* Pods_LoginBuild.framework in Frameworks */ = {isa = PBXBuildFile; fileRef = B8E723532BEE8A06D6DCC72A /* Pods_LoginBuild.framework */; };
		DE5535B3249BDCDA00CD30C1 /* GoogleService-Info.plist in Resources */ = {isa = PBXBuildFile; fileRef = DE5535B2249BDCDA00CD30C1 /* GoogleService-Info.plist */; };
		DE5535B5249BE9E400CD30C1 /* Constants.swift in Sources */ = {isa = PBXBuildFile; fileRef = DE5535B4249BE9E400CD30C1 /* Constants.swift */; };
		DEC41CC0249BB5C90009593C /* AppDelegate.swift in Sources */ = {isa = PBXBuildFile; fileRef = DEC41CBF249BB5C90009593C /* AppDelegate.swift */; };
		DEC41CC2249BB5C90009593C /* SceneDelegate.swift in Sources */ = {isa = PBXBuildFile; fileRef = DEC41CC1249BB5C90009593C /* SceneDelegate.swift */; };
		DEC41CC4249BB5C90009593C /* ViewController.swift in Sources */ = {isa = PBXBuildFile; fileRef = DEC41CC3249BB5C90009593C /* ViewController.swift */; };
		DEC41CC7249BB5C90009593C /* Main.storyboard in Resources */ = {isa = PBXBuildFile; fileRef = DEC41CC5249BB5C90009593C /* Main.storyboard */; };
		DEC41CC9249BB5CB0009593C /* Assets.xcassets in Resources */ = {isa = PBXBuildFile; fileRef = DEC41CC8249BB5CB0009593C /* Assets.xcassets */; };
		DEC41CCC249BB5CB0009593C /* LaunchScreen.storyboard in Resources */ = {isa = PBXBuildFile; fileRef = DEC41CCA249BB5CB0009593C /* LaunchScreen.storyboard */; };
		DEC41CD4249BB76D0009593C /* HomeViewController.swift in Sources */ = {isa = PBXBuildFile; fileRef = DEC41CD3249BB76D0009593C /* HomeViewController.swift */; };
		DEC41CD6249BB78C0009593C /* SignupViewController.swift in Sources */ = {isa = PBXBuildFile; fileRef = DEC41CD5249BB78C0009593C /* SignupViewController.swift */; };
		DEC41CD8249BB7970009593C /* LoginViewController.swift in Sources */ = {isa = PBXBuildFile; fileRef = DEC41CD7249BB7970009593C /* LoginViewController.swift */; };
		DEC41CDB249BBE710009593C /* Utilities.swift in Sources */ = {isa = PBXBuildFile; fileRef = DEC41CDA249BBE710009593C /* Utilities.swift */; };
/* End PBXBuildFile section */

/* Begin PBXFileReference section */
		54E76C9EEB7C18DF17B879F9 /* Pods-LoginBuild.release.xcconfig */ = {isa = PBXFileReference; includeInIndex = 1; lastKnownFileType = text.xcconfig; name = "Pods-LoginBuild.release.xcconfig"; path = "Target Support Files/Pods-LoginBuild/Pods-LoginBuild.release.xcconfig"; sourceTree = "<group>"; };
		791663E4BA8F66693653F8F8 /* Pods-LoginBuild.debug.xcconfig */ = {isa = PBXFileReference; includeInIndex = 1; lastKnownFileType = text.xcconfig; name = "Pods-LoginBuild.debug.xcconfig"; path = "Target Support Files/Pods-LoginBuild/Pods-LoginBuild.debug.xcconfig"; sourceTree = "<group>"; };
		B8E723532BEE8A06D6DCC72A /* Pods_LoginBuild.framework */ = {isa = PBXFileReference; explicitFileType = wrapper.framework; includeInIndex = 0; path = Pods_LoginBuild.framework; sourceTree = BUILT_PRODUCTS_DIR; };
		DE5535B2249BDCDA00CD30C1 /* GoogleService-Info.plist */ = {isa = PBXFileReference; fileEncoding = 4; lastKnownFileType = text.plist.xml; path = "GoogleService-Info.plist"; sourceTree = "<group>"; };
		DE5535B4249BE9E400CD30C1 /* Constants.swift */ = {isa = PBXFileReference; lastKnownFileType = sourcecode.swift; path = Constants.swift; sourceTree = "<group>"; };
		DEC41CBC249BB5C90009593C /* LoginBuild.app */ = {isa = PBXFileReference; explicitFileType = wrapper.application; includeInIndex = 0; path = LoginBuild.app; sourceTree = BUILT_PRODUCTS_DIR; };
		DEC41CBF249BB5C90009593C /* AppDelegate.swift */ = {isa = PBXFileReference; lastKnownFileType = sourcecode.swift; path = AppDelegate.swift; sourceTree = "<group>"; };
		DEC41CC1249BB5C90009593C /* SceneDelegate.swift */ = {isa = PBXFileReference; lastKnownFileType = sourcecode.swift; path = SceneDelegate.swift; sourceTree = "<group>"; };
		DEC41CC3249BB5C90009593C /* ViewController.swift */ = {isa = PBXFileReference; lastKnownFileType = sourcecode.swift; path = ViewController.swift; sourceTree = "<group>"; };
		DEC41CC6249BB5C90009593C /* Base */ = {isa = PBXFileReference; lastKnownFileType = file.storyboard; name = Base; path = Base.lproj/Main.storyboard; sourceTree = "<group>"; };
		DEC41CC8249BB5CB0009593C /* Assets.xcassets */ = {isa = PBXFileReference; lastKnownFileType = folder.assetcatalog; path = Assets.xcassets; sourceTree = "<group>"; };
		DEC41CCB249BB5CB0009593C /* Base */ = {isa = PBXFileReference; lastKnownFileType = file.storyboard; name = Base; path = Base.lproj/LaunchScreen.storyboard; sourceTree = "<group>"; };
		DEC41CCD249BB5CB0009593C /* Info.plist */ = {isa = PBXFileReference; lastKnownFileType = text.plist.xml; path = Info.plist; sourceTree = "<group>"; };
		DEC41CD3249BB76D0009593C /* HomeViewController.swift */ = {isa = PBXFileReference; lastKnownFileType = sourcecode.swift; path = HomeViewController.swift; sourceTree = "<group>"; };
		DEC41CD5249BB78C0009593C /* SignupViewController.swift */ = {isa = PBXFileReference; lastKnownFileType = sourcecode.swift; path = SignupViewController.swift; sourceTree = "<group>"; };
		DEC41CD7249BB7970009593C /* LoginViewController.swift */ = {isa = PBXFileReference; lastKnownFileType = sourcecode.swift; path = LoginViewController.swift; sourceTree = "<group>"; };
		DEC41CDA249BBE710009593C /* Utilities.swift */ = {isa = PBXFileReference; fileEncoding = 4; lastKnownFileType = sourcecode.swift; path = Utilities.swift; sourceTree = "<group>"; };
/* End PBXFileReference section */

/* Begin PBXFrameworksBuildPhase section */
		DEC41CB9249BB5C90009593C /* Frameworks */ = {
			isa = PBXFrameworksBuildPhase;
			buildActionMask = 2147483647;
			files = (
				BDC82C5F70ACD110F1766978 /* Pods_LoginBuild.framework in Frameworks */,
			);
			runOnlyForDeploymentPostprocessing = 0;
		};
/* End PBXFrameworksBuildPhase section */

/* Begin PBXGroup section */
		1A38484808BC11D766190F33 /* Frameworks */ = {
			isa = PBXGroup;
			children = (
				B8E723532BEE8A06D6DCC72A /* Pods_LoginBuild.framework */,
			);
			name = Frameworks;
			sourceTree = "<group>";
		};
		9048E0DDE4B6A6FAFD0CEBE4 /* Pods */ = {
			isa = PBXGroup;
			children = (
				791663E4BA8F66693653F8F8 /* Pods-LoginBuild.debug.xcconfig */,
				54E76C9EEB7C18DF17B879F9 /* Pods-LoginBuild.release.xcconfig */,
			);
			path = Pods;
			sourceTree = "<group>";
		};
		DEC41CB3249BB5C90009593C = {
			isa = PBXGroup;
			children = (
				DEC41CBE249BB5C90009593C /* LoginBuild */,
				DEC41CBD249BB5C90009593C /* Products */,
				9048E0DDE4B6A6FAFD0CEBE4 /* Pods */,
				1A38484808BC11D766190F33 /* Frameworks */,
			);
			sourceTree = "<group>";
		};
		DEC41CBD249BB5C90009593C /* Products */ = {
			isa = PBXGroup;
			children = (
				DEC41CBC249BB5C90009593C /* LoginBuild.app */,
			);
			name = Products;
			sourceTree = "<group>";
		};
		DEC41CBE249BB5C90009593C /* LoginBuild */ = {
			isa = PBXGroup;
			children = (
				DE5535B2249BDCDA00CD30C1 /* GoogleService-Info.plist */,
				DEC41CBF249BB5C90009593C /* AppDelegate.swift */,
				DEC41CC1249BB5C90009593C /* SceneDelegate.swift */,
				DEC41CC5249BB5C90009593C /* Main.storyboard */,
				DEC41CC8249BB5CB0009593C /* Assets.xcassets */,
				DEC41CCA249BB5CB0009593C /* LaunchScreen.storyboard */,
				DEC41CCD249BB5CB0009593C /* Info.plist */,
				DEC41CD9249BB7A50009593C /* ViewControllers */,
				DEC41CDC249BBEB60009593C /* Helpers */,
			);
			path = LoginBuild;
			sourceTree = "<group>";
		};
		DEC41CD9249BB7A50009593C /* ViewControllers */ = {
			isa = PBXGroup;
			children = (
				DEC41CC3249BB5C90009593C /* ViewController.swift */,
				DEC41CD5249BB78C0009593C /* SignupViewController.swift */,
				DEC41CD3249BB76D0009593C /* HomeViewController.swift */,
				DEC41CD7249BB7970009593C /* LoginViewController.swift */,
			);
			path = ViewControllers;
			sourceTree = "<group>";
		};
		DEC41CDC249BBEB60009593C /* Helpers */ = {
			isa = PBXGroup;
			children = (
				DEC41CDA249BBE710009593C /* Utilities.swift */,
				DE5535B4249BE9E400CD30C1 /* Constants.swift */,
			);
			path = Helpers;
			sourceTree = "<group>";
		};
/* End PBXGroup section */

/* Begin PBXNativeTarget section */
		DEC41CBB249BB5C90009593C /* LoginBuild */ = {
			isa = PBXNativeTarget;
			buildConfigurationList = DEC41CD0249BB5CB0009593C /* Build configuration list for PBXNativeTarget "LoginBuild" */;
			buildPhases = (
				8A693334A03DE153DB957267 /* [CP] Check Pods Manifest.lock */,
				DEC41CB8249BB5C90009593C /* Sources */,
				DEC41CB9249BB5C90009593C /* Frameworks */,
				DEC41CBA249BB5C90009593C /* Resources */,
				A9003F38F6A2A577E8675F07 /* [CP] Embed Pods Frameworks */,
			);
			buildRules = (
			);
			dependencies = (
			);
			name = LoginBuild;
			productName = LoginBuild;
			productReference = DEC41CBC249BB5C90009593C /* LoginBuild.app */;
			productType = "com.apple.product-type.application";
		};
/* End PBXNativeTarget section */

/* Begin PBXProject section */
		DEC41CB4249BB5C90009593C /* Project object */ = {
			isa = PBXProject;
			attributes = {
				LastSwiftUpdateCheck = 1130;
				LastUpgradeCheck = 1130;
				ORGANIZATIONNAME = "Landry Argabright";
				TargetAttributes = {
					DEC41CBB249BB5C90009593C = {
						CreatedOnToolsVersion = 11.3;
					};
				};
			};
			buildConfigurationList = DEC41CB7249BB5C90009593C /* Build configuration list for PBXProject "LoginBuild" */;
			compatibilityVersion = "Xcode 9.3";
			developmentRegion = en;
			hasScannedForEncodings = 0;
			knownRegions = (
				en,
				Base,
			);
			mainGroup = DEC41CB3249BB5C90009593C;
			productRefGroup = DEC41CBD249BB5C90009593C /* Products */;
			projectDirPath = "";
			projectRoot = "";
			targets = (
				DEC41CBB249BB5C90009593C /* LoginBuild */,
			);
		};
/* End PBXProject section */

/* Begin PBXResourcesBuildPhase section */
		DEC41CBA249BB5C90009593C /* Resources */ = {
			isa = PBXResourcesBuildPhase;
			buildActionMask = 2147483647;
			files = (
				DEC41CCC249BB5CB0009593C /* LaunchScreen.storyboard in Resources */,
				DE5535B3249BDCDA00CD30C1 /* GoogleService-Info.plist in Resources */,
				DEC41CC9249BB5CB0009593C /* Assets.xcassets in Resources */,
				DEC41CC7249BB5C90009593C /* Main.storyboard in Resources */,
			);
			runOnlyForDeploymentPostprocessing = 0;
		};
/* End PBXResourcesBuildPhase section */

/* Begin PBXShellScriptBuildPhase section */
		8A693334A03DE153DB957267 /* [CP] Check Pods Manifest.lock */ = {
			isa = PBXShellScriptBuildPhase;
			buildActionMask = 2147483647;
			files = (
			);
			inputFileListPaths = (
			);
			inputPaths = (
				"${PODS_PODFILE_DIR_PATH}/Podfile.lock",
				"${PODS_ROOT}/Manifest.lock",
			);
			name = "[CP] Check Pods Manifest.lock";
			outputFileListPaths = (
			);
			outputPaths = (
				"$(DERIVED_FILE_DIR)/Pods-LoginBuild-checkManifestLockResult.txt",
			);
			runOnlyForDeploymentPostprocessing = 0;
			shellPath = /bin/sh;
			shellScript = "diff \"${PODS_PODFILE_DIR_PATH}/Podfile.lock\" \"${PODS_ROOT}/Manifest.lock\" > /dev/null\nif [ $? != 0 ] ; then\n    # print error to STDERR\n    echo \"error: The sandbox is not in sync with the Podfile.lock. Run 'pod install' or update your CocoaPods installation.\" >&2\n    exit 1\nfi\n# This output is used by Xcode 'outputs' to avoid re-running this script phase.\necho \"SUCCESS\" > \"${SCRIPT_OUTPUT_FILE_0}\"\n";
			showEnvVarsInLog = 0;
		};
		A9003F38F6A2A577E8675F07 /* [CP] Embed Pods Frameworks */ = {
			isa = PBXShellScriptBuildPhase;
			buildActionMask = 2147483647;
			files = (
			);
			inputFileListPaths = (
				"${PODS_ROOT}/Target Support Files/Pods-LoginBuild/Pods-LoginBuild-frameworks-${CONFIGURATION}-input-files.xcfilelist",
			);
			name = "[CP] Embed Pods Frameworks";
			outputFileListPaths = (
				"${PODS_ROOT}/Target Support Files/Pods-LoginBuild/Pods-LoginBuild-frameworks-${CONFIGURATION}-output-files.xcfilelist",
			);
			runOnlyForDeploymentPostprocessing = 0;
			shellPath = /bin/sh;
			shellScript = "\"${PODS_ROOT}/Target Support Files/Pods-LoginBuild/Pods-LoginBuild-frameworks.sh\"\n";
			showEnvVarsInLog = 0;
		};
/* End PBXShellScriptBuildPhase section */

/* Begin PBXSourcesBuildPhase section */
		DEC41CB8249BB5C90009593C /* Sources */ = {
			isa = PBXSourcesBuildPhase;
			buildActionMask = 2147483647;
			files = (
				DEC41CD8249BB7970009593C /* LoginViewController.swift in Sources */,
				DEC41CC4249BB5C90009593C /* ViewController.swift in Sources */,
				DEC41CDB249BBE710009593C /* Utilities.swift in Sources */,
				DEC41CC0249BB5C90009593C /* AppDelegate.swift in Sources */,
				DEC41CD6249BB78C0009593C /* SignupViewController.swift in Sources */,
				DEC41CC2249BB5C90009593C /* SceneDelegate.swift in Sources */,
				DEC41CD4249BB76D0009593C /* HomeViewController.swift in Sources */,
				DE5535B5249BE9E400CD30C1 /* Constants.swift in Sources */,
			);
			runOnlyForDeploymentPostprocessing = 0;
		};
/* End PBXSourcesBuildPhase section */

/* Begin PBXVariantGroup section */
		DEC41CC5249BB5C90009593C /* Main.storyboard */ = {
			isa = PBXVariantGroup;
			children = (
				DEC41CC6249BB5C90009593C /* Base */,
			);
			name = Main.storyboard;
			sourceTree = "<group>";
		};
		DEC41CCA249BB5CB0009593C /* LaunchScreen.storyboard */ = {
			isa = PBXVariantGroup;
			children = (
				DEC41CCB249BB5CB0009593C /* Base */,
			);
			name = LaunchScreen.storyboard;
			sourceTree = "<group>";
		};
/* End PBXVariantGroup section */

/* Begin XCBuildConfiguration section */
		DEC41CCE249BB5CB0009593C /* Debug */ = {
			isa = XCBuildConfiguration;
			buildSettings = {
				ALWAYS_SEARCH_USER_PATHS = NO;
				CLANG_ANALYZER_NONNULL = YES;
				CLANG_ANALYZER_NUMBER_OBJECT_CONVERSION = YES_AGGRESSIVE;
				CLANG_CXX_LANGUAGE_STANDARD = "gnu++14";
				CLANG_CXX_LIBRARY = "libc++";
				CLANG_ENABLE_MODULES = YES;
				CLANG_ENABLE_OBJC_ARC = YES;
				CLANG_ENABLE_OBJC_WEAK = YES;
				CLANG_WARN_BLOCK_CAPTURE_AUTORELEASING = YES;
				CLANG_WARN_BOOL_CONVERSION = YES;
				CLANG_WARN_COMMA = YES;
				CLANG_WARN_CONSTANT_CONVERSION = YES;
				CLANG_WARN_DEPRECATED_OBJC_IMPLEMENTATIONS = YES;
				CLANG_WARN_DIRECT_OBJC_ISA_USAGE = YES_ERROR;
				CLANG_WARN_DOCUMENTATION_COMMENTS = YES;
				CLANG_WARN_EMPTY_BODY = YES;
				CLANG_WARN_ENUM_CONVERSION = YES;
				CLANG_WARN_INFINITE_RECURSION = YES;
				CLANG_WARN_INT_CONVERSION = YES;
				CLANG_WARN_NON_LITERAL_NULL_CONVERSION = YES;
				CLANG_WARN_OBJC_IMPLICIT_RETAIN_SELF = YES;
				CLANG_WARN_OBJC_LITERAL_CONVERSION = YES;
				CLANG_WARN_OBJC_ROOT_CLASS = YES_ERROR;
				CLANG_WARN_RANGE_LOOP_ANALYSIS = YES;
				CLANG_WARN_STRICT_PROTOTYPES = YES;
				CLANG_WARN_SUSPICIOUS_MOVE = YES;
				CLANG_WARN_UNGUARDED_AVAILABILITY = YES_AGGRESSIVE;
				CLANG_WARN_UNREACHABLE_CODE = YES;
				CLANG_WARN__DUPLICATE_METHOD_MATCH = YES;
				COPY_PHASE_STRIP = NO;
				DEBUG_INFORMATION_FORMAT = dwarf;
				ENABLE_STRICT_OBJC_MSGSEND = YES;
				ENABLE_TESTABILITY = YES;
				GCC_C_LANGUAGE_STANDARD = gnu11;
				GCC_DYNAMIC_NO_PIC = NO;
				GCC_NO_COMMON_BLOCKS = YES;
				GCC_OPTIMIZATION_LEVEL = 0;
				GCC_PREPROCESSOR_DEFINITIONS = (
					"DEBUG=1",
					"$(inherited)",
				);
				GCC_WARN_64_TO_32_BIT_CONVERSION = YES;
				GCC_WARN_ABOUT_RETURN_TYPE = YES_ERROR;
				GCC_WARN_UNDECLARED_SELECTOR = YES;
				GCC_WARN_UNINITIALIZED_AUTOS = YES_AGGRESSIVE;
				GCC_WARN_UNUSED_FUNCTION = YES;
				GCC_WARN_UNUSED_VARIABLE = YES;
				IPHONEOS_DEPLOYMENT_TARGET = 13.2;
				MTL_ENABLE_DEBUG_INFO = INCLUDE_SOURCE;
				MTL_FAST_MATH = YES;
				ONLY_ACTIVE_ARCH = YES;
				SDKROOT = iphoneos;
				SWIFT_ACTIVE_COMPILATION_CONDITIONS = DEBUG;
				SWIFT_OPTIMIZATION_LEVEL = "-Onone";
			};
			name = Debug;
		};
		DEC41CCF249BB5CB0009593C /* Release */ = {
			isa = XCBuildConfiguration;
			buildSettings = {
				ALWAYS_SEARCH_USER_PATHS = NO;
				CLANG_ANALYZER_NONNULL = YES;
				CLANG_ANALYZER_NUMBER_OBJECT_CONVERSION = YES_AGGRESSIVE;
				CLANG_CXX_LANGUAGE_STANDARD = "gnu++14";
				CLANG_CXX_LIBRARY = "libc++";
				CLANG_ENABLE_MODULES = YES;
				CLANG_ENABLE_OBJC_ARC = YES;
				CLANG_ENABLE_OBJC_WEAK = YES;
				CLANG_WARN_BLOCK_CAPTURE_AUTORELEASING = YES;
				CLANG_WARN_BOOL_CONVERSION = YES;
				CLANG_WARN_COMMA = YES;
				CLANG_WARN_CONSTANT_CONVERSION = YES;
				CLANG_WARN_DEPRECATED_OBJC_IMPLEMENTATIONS = YES;
				CLANG_WARN_DIRECT_OBJC_ISA_USAGE = YES_ERROR;
				CLANG_WARN_DOCUMENTATION_COMMENTS = YES;
				CLANG_WARN_EMPTY_BODY = YES;
				CLANG_WARN_ENUM_CONVERSION = YES;
				CLANG_WARN_INFINITE_RECURSION = YES;
				CLANG_WARN_INT_CONVERSION = YES;
				CLANG_WARN_NON_LITERAL_NULL_CONVERSION = YES;
				CLANG_WARN_OBJC_IMPLICIT_RETAIN_SELF = YES;
				CLANG_WARN_OBJC_LITERAL_CONVERSION = YES;
				CLANG_WARN_OBJC_ROOT_CLASS = YES_ERROR;
				CLANG_WARN_RANGE_LOOP_ANALYSIS = YES;
				CLANG_WARN_STRICT_PROTOTYPES = YES;
				CLANG_WARN_SUSPICIOUS_MOVE = YES;
				CLANG_WARN_UNGUARDED_AVAILABILITY = YES_AGGRESSIVE;
				CLANG_WARN_UNREACHABLE_CODE = YES;
				CLANG_WARN__DUPLICATE_METHOD_MATCH = YES;
				COPY_PHASE_STRIP = NO;
				DEBUG_INFORMATION_FORMAT = "dwarf-with-dsym";
				ENABLE_NS_ASSERTIONS = NO;
				ENABLE_STRICT_OBJC_MSGSEND = YES;
				GCC_C_LANGUAGE_STANDARD = gnu11;
				GCC_NO_COMMON_BLOCKS = YES;
				GCC_WARN_64_TO_32_BIT_CONVERSION = YES;
				GCC_WARN_ABOUT_RETURN_TYPE = YES_ERROR;
				GCC_WARN_UNDECLARED_SELECTOR = YES;
				GCC_WARN_UNINITIALIZED_AUTOS = YES_AGGRESSIVE;
				GCC_WARN_UNUSED_FUNCTION = YES;
				GCC_WARN_UNUSED_VARIABLE = YES;
				IPHONEOS_DEPLOYMENT_TARGET = 13.2;
				MTL_ENABLE_DEBUG_INFO = NO;
				MTL_FAST_MATH = YES;
				SDKROOT = iphoneos;
				SWIFT_COMPILATION_MODE = wholemodule;
				SWIFT_OPTIMIZATION_LEVEL = "-O";
				VALIDATE_PRODUCT = YES;
			};
			name = Release;
		};
		DEC41CD1249BB5CB0009593C /* Debug */ = {
			isa = XCBuildConfiguration;
			baseConfigurationReference = 791663E4BA8F66693653F8F8 /* Pods-LoginBuild.debug.xcconfig */;
			buildSettings = {
				ASSETCATALOG_COMPILER_APPICON_NAME = AppIcon;
				CODE_SIGN_STYLE = Automatic;
				INFOPLIST_FILE = LoginBuild/Info.plist;
				LD_RUNPATH_SEARCH_PATHS = (
					"$(inherited)",
					"@executable_path/Frameworks",
				);
				PRODUCT_BUNDLE_IDENTIFIER = com.landryargabright.LoginBuild;
				PRODUCT_NAME = "$(TARGET_NAME)";
				SWIFT_VERSION = 5.0;
				TARGETED_DEVICE_FAMILY = "1,2";
			};
			name = Debug;
		};
		DEC41CD2249BB5CB0009593C /* Release */ = {
			isa = XCBuildConfiguration;
			baseConfigurationReference = 54E76C9EEB7C18DF17B879F9 /* Pods-LoginBuild.release.xcconfig */;
			buildSettings = {
				ASSETCATALOG_COMPILER_APPICON_NAME = AppIcon;
				CODE_SIGN_STYLE = Automatic;
				INFOPLIST_FILE = LoginBuild/Info.plist;
				LD_RUNPATH_SEARCH_PATHS = (
					"$(inherited)",
					"@executable_path/Frameworks",
				);
				PRODUCT_BUNDLE_IDENTIFIER = com.landryargabright.LoginBuild;
				PRODUCT_NAME = "$(TARGET_NAME)";
				SWIFT_VERSION = 5.0;
				TARGETED_DEVICE_FAMILY = "1,2";
			};
			name = Release;
		};
/* End XCBuildConfiguration section */

/* Begin XCConfigurationList section */
		DEC41CB7249BB5C90009593C /* Build configuration list for PBXProject "LoginBuild" */ = {
			isa = XCConfigurationList;
			buildConfigurations = (
				DEC41CCE249BB5CB0009593C /* Debug */,
				DEC41CCF249BB5CB0009593C /* Release */,
			);
			defaultConfigurationIsVisible = 0;
			defaultConfigurationName = Release;
		};
		DEC41CD0249BB5CB0009593C /* Build configuration list for PBXNativeTarget "LoginBuild" */ = {
			isa = XCConfigurationList;
			buildConfigurations = (
				DEC41CD1249BB5CB0009593C /* Debug */,
				DEC41CD2249BB5CB0009593C /* Release */,
			);
			defaultConfigurationIsVisible = 0;
			defaultConfigurationName = Release;
		};
/* End XCConfigurationList section */
	};
	rootObject = DEC41CB4249BB5C90009593C /* Project object */;
}
